
Microsoft Visual Studio Solution File, Format Version 12.00
# Visual Studio 14
VisualStudioVersion = 14.0.25420.1
MinimumVisualStudioVersion = 10.0.40219.1
Project("{2150E333-8FDC-42A3-9474-1A3956D46DE8}") = "src", "src", "{EE882188-808F-42D7-B59D-6ACDF5359404}"
EndProject
Project("{2150E333-8FDC-42A3-9474-1A3956D46DE8}") = "Solution Items", "Solution Items", "{31127A91-76C7-4A75-94C0-F2EA5550D26F}"
	ProjectSection(SolutionItems) = preProject
		global.json = global.json
	EndProjectSection
EndProject
Project("{8BB2217D-0F2D-49D1-97BC-3654ED321F3B}") = "CW.ReportShare.Web", "src\CW.ReportShare.Web\CW.ReportShare.Web.xproj", "{EF765195-4C52-4627-898E-E8109112AA34}"
EndProject
Global
	GlobalSection(SolutionConfigurationPlatforms) = preSolution
		Debug|Any CPU = Debug|Any CPU
		Release|Any CPU = Release|Any CPU
	EndGlobalSection
	GlobalSection(ProjectConfigurationPlatforms) = postSolution
		{EF765195-4C52-4627-898E-E8109112AA34}.Debug|Any CPU.ActiveCfg = Debug|Any CPU
		{EF765195-4C52-4627-898E-E8109112AA34}.Debug|Any CPU.Build.0 = Debug|Any CPU
		{EF765195-4C52-4627-898E-E8109112AA34}.Release|Any CPU.ActiveCfg = Release|Any CPU
		{EF765195-4C52-4627-898E-E8109112AA34}.Release|Any CPU.Build.0 = Release|Any CPU
	EndGlobalSection
	GlobalSection(SolutionProperties) = preSolution
		HideSolutionNode = FALSE
	EndGlobalSection
	GlobalSection(NestedProjects) = preSolution
		{EF765195-4C52-4627-898E-E8109112AA34} = {EE882188-808F-42D7-B59D-6ACDF5359404}
	EndGlobalSection
EndGlobal
